// !$*UTF8*$!
{
	archiveVersion = 1;
	classes = {
	};
	objectVersion = 55;
	objects = {

/* Begin PBXBuildFile section */
		68731F0F8C53031D3DED8D71 /* Pods_BirdsPen.framework in Frameworks */ = {isa = PBXBuildFile; fileRef = 24CD182ABCD19FE97BFCCFF3 /* Pods_BirdsPen.framework */; };
		72AAAC042ED87F8E005194B5 /* Assets.xcassets in Resources */ = {isa = PBXBuildFile; fileRef = 72AAAC012ED87F8E005194B5 /* Assets.xcassets */; };
		72AAAC052ED87F8E005194B5 /* BirdsPenApp.swift in Sources */ = {isa = PBXBuildFile; fileRef = 72AAAC022ED87F8E005194B5 /* BirdsPenApp.swift */; };
		72AAAC102ED87F9F005194B5 /* View+Extensions.swift in Sources */ = {isa = PBXBuildFile; fileRef = 72AAAC072ED87F9F005194B5 /* View+Extensions.swift */; };
		72AAAC112ED87F9F005194B5 /* ShapeStyle+Extensions.swift in Sources */ = {isa = PBXBuildFile; fileRef = 72AAAC092ED87F9F005194B5 /* ShapeStyle+Extensions.swift */; };
		72AAAC122ED87F9F005194B5 /* BPLaunchView.swift in Sources */ = {isa = PBXBuildFile; fileRef = 72AAAC0D2ED87F9F005194B5 /* BPLaunchView.swift */; };
		72AAAC132ED87F9F005194B5 /* Color+Extensions.swift in Sources */ = {isa = PBXBuildFile; fileRef = 72AAAC082ED87F9F005194B5 /* Color+Extensions.swift */; };
		72AAAC142ED87F9F005194B5 /* BPHomeWebView.swift in Sources */ = {isa = PBXBuildFile; fileRef = 72AAAC0B2ED87F9F005194B5 /* BPHomeWebView.swift */; };
/* End PBXBuildFile section */

/* Begin PBXFileReference section */
		24CD182ABCD19FE97BFCCFF3 /* Pods_BirdsPen.framework */ = {isa = PBXFileReference; explicitFileType = wrapper.framework; includeInIndex = 0; path = Pods_BirdsPen.framework; sourceTree = BUILT_PRODUCTS_DIR; };
		72AAABF22ED87F7A005194B5 /* BirdsPen.app */ = {isa = PBXFileReference; explicitFileType = wrapper.application; includeInIndex = 0; path = BirdsPen.app; sourceTree = BUILT_PRODUCTS_DIR; };
		72AAAC012ED87F8E005194B5 /* Assets.xcassets */ = {isa = PBXFileReference; lastKnownFileType = folder.assetcatalog; path = Assets.xcassets; sourceTree = "<group>"; };
		72AAAC022ED87F8E005194B5 /* BirdsPenApp.swift */ = {isa = PBXFileReference; lastKnownFileType = sourcecode.swift; path = BirdsPenApp.swift; sourceTree = "<group>"; };
		72AAAC072ED87F9F005194B5 /* View+Extensions.swift */ = {isa = PBXFileReference; lastKnownFileType = sourcecode.swift; path = "View+Extensions.swift"; sourceTree = "<group>"; };
		72AAAC082ED87F9F005194B5 /* Color+Extensions.swift */ = {isa = PBXFileReference; lastKnownFileType = sourcecode.swift; path = "Color+Extensions.swift"; sourceTree = "<group>"; };
		72AAAC092ED87F9F005194B5 /* ShapeStyle+Extensions.swift */ = {isa = PBXFileReference; lastKnownFileType = sourcecode.swift; path = "ShapeStyle+Extensions.swift"; sourceTree = "<group>"; };
		72AAAC0B2ED87F9F005194B5 /* BPHomeWebView.swift */ = {isa = PBXFileReference; lastKnownFileType = sourcecode.swift; path = BPHomeWebView.swift; sourceTree = "<group>"; };
		72AAAC0D2ED87F9F005194B5 /* BPLaunchView.swift */ = {isa = PBXFileReference; lastKnownFileType = sourcecode.swift; path = BPLaunchView.swift; sourceTree = "<group>"; };
		72AAAC152ED88006005194B5 /* Info.plist */ = {isa = PBXFileReference; lastKnownFileType = text.plist; path = Info.plist; sourceTree = "<group>"; };
		A1D1D4DD5D186BECCFF317DC /* Pods-BirdsPen.debug.xcconfig */ = {isa = PBXFileReference; includeInIndex = 1; lastKnownFileType = text.xcconfig; name = "Pods-BirdsPen.debug.xcconfig"; path = "Target Support Files/Pods-BirdsPen/Pods-BirdsPen.debug.xcconfig"; sourceTree = "<group>"; };
		E15B700355B83B186E40395A /* Pods-BirdsPen.release.xcconfig */ = {isa = PBXFileReference; includeInIndex = 1; lastKnownFileType = text.xcconfig; name = "Pods-BirdsPen.release.xcconfig"; path = "Target Support Files/Pods-BirdsPen/Pods-BirdsPen.release.xcconfig"; sourceTree = "<group>"; };
/* End PBXFileReference section */

/* Begin PBXFrameworksBuildPhase section */
		72AAABEF2ED87F7A005194B5 /* Frameworks */ = {
			isa = PBXFrameworksBuildPhase;
			buildActionMask = 2147483647;
			files = (
				68731F0F8C53031D3DED8D71 /* Pods_BirdsPen.framework in Frameworks */,
			);
			runOnlyForDeploymentPostprocessing = 0;
		};
/* End PBXFrameworksBuildPhase section */

/* Begin PBXGroup section */
		72AAABE92ED87F7A005194B5 = {
			isa = PBXGroup;
			children = (
				72AAAC032ED87F8E005194B5 /* BirdsPen */,
				72AAABF32ED87F7A005194B5 /* Products */,
				D789196A5A2CF09A28A6F146 /* Pods */,
				A9C4EEE282BFD30C125325C2 /* Frameworks */,
			);
			sourceTree = "<group>";
		};
		72AAABF32ED87F7A005194B5 /* Products */ = {
			isa = PBXGroup;
			children = (
				72AAABF22ED87F7A005194B5 /* BirdsPen.app */,
			);
			name = Products;
			sourceTree = "<group>";
		};
		72AAAC032ED87F8E005194B5 /* BirdsPen */ = {
			isa = PBXGroup;
			children = (
				72AAAC152ED88006005194B5 /* Info.plist */,
				72AAAC0A2ED87F9F005194B5 /* Extensions */,
				72AAAC0F2ED87F9F005194B5 /* Screens */,
				72AAAC062ED87F90005194B5 /* App */,
				72AAAC012ED87F8E005194B5 /* Assets.xcassets */,
			);
			path = BirdsPen;
			sourceTree = "<group>";
		};
		72AAAC062ED87F90005194B5 /* App */ = {
			isa = PBXGroup;
			children = (
				72AAAC022ED87F8E005194B5 /* BirdsPenApp.swift */,
			);
			path = App;
			sourceTree = "<group>";
		};
		72AAAC0A2ED87F9F005194B5 /* Extensions */ = {
			isa = PBXGroup;
			children = (
				72AAAC072ED87F9F005194B5 /* View+Extensions.swift */,
				72AAAC082ED87F9F005194B5 /* Color+Extensions.swift */,
				72AAAC092ED87F9F005194B5 /* ShapeStyle+Extensions.swift */,
			);
			path = Extensions;
			sourceTree = "<group>";
		};
		72AAAC0C2ED87F9F005194B5 /* HomeWebScreen */ = {
			isa = PBXGroup;
			children = (
				72AAAC0B2ED87F9F005194B5 /* BPHomeWebView.swift */,
			);
			path = HomeWebScreen;
			sourceTree = "<group>";
		};
		72AAAC0E2ED87F9F005194B5 /* LaunchScreen */ = {
			isa = PBXGroup;
			children = (
				72AAAC0D2ED87F9F005194B5 /* BPLaunchView.swift */,
			);
			path = LaunchScreen;
			sourceTree = "<group>";
		};
		72AAAC0F2ED87F9F005194B5 /* Screens */ = {
			isa = PBXGroup;
			children = (
				72AAAC0C2ED87F9F005194B5 /* HomeWebScreen */,
				72AAAC0E2ED87F9F005194B5 /* LaunchScreen */,
			);
			path = Screens;
			sourceTree = "<group>";
		};
		A9C4EEE282BFD30C125325C2 /* Frameworks */ = {
			isa = PBXGroup;
			children = (
				24CD182ABCD19FE97BFCCFF3 /* Pods_BirdsPen.framework */,
			);
			name = Frameworks;
			sourceTree = "<group>";
		};
		D789196A5A2CF09A28A6F146 /* Pods */ = {
			isa = PBXGroup;
			children = (
				A1D1D4DD5D186BECCFF317DC /* Pods-BirdsPen.debug.xcconfig */,
				E15B700355B83B186E40395A /* Pods-BirdsPen.release.xcconfig */,
			);
			name = Pods;
			path = Pods;
			sourceTree = "<group>";
		};
/* End PBXGroup section */

/* Begin PBXNativeTarget section */
		72AAABF12ED87F7A005194B5 /* BirdsPen */ = {
			isa = PBXNativeTarget;
			buildConfigurationList = 72AAABFE2ED87F7B005194B5 /* Build configuration list for PBXNativeTarget "BirdsPen" */;
			buildPhases = (
				99F1AD7B6C97BB28852F3B58 /* [CP] Check Pods Manifest.lock */,
				72AAABEE2ED87F7A005194B5 /* Sources */,
				72AAABEF2ED87F7A005194B5 /* Frameworks */,
				72AAABF02ED87F7A005194B5 /* Resources */,
			);
			buildRules = (
			);
			dependencies = (
			);
			name = BirdsPen;
			productName = BirdsPen;
			productReference = 72AAABF22ED87F7A005194B5 /* BirdsPen.app */;
			productType = "com.apple.product-type.application";
		};
/* End PBXNativeTarget section */

/* Begin PBXProject section */
		72AAABEA2ED87F7A005194B5 /* Project object */ = {
			isa = PBXProject;
			attributes = {
				BuildIndependentTargetsInParallel = 1;
				LastSwiftUpdateCheck = 1630;
				LastUpgradeCheck = 1630;
				TargetAttributes = {
					72AAABF12ED87F7A005194B5 = {
						CreatedOnToolsVersion = 16.3;
					};
				};
			};
			buildConfigurationList = 72AAABED2ED87F7A005194B5 /* Build configuration list for PBXProject "BirdsPen" */;
			developmentRegion = en;
			hasScannedForEncodings = 0;
			knownRegions = (
				en,
				Base,
			);
			mainGroup = 72AAABE92ED87F7A005194B5;
			minimizedProjectReferenceProxies = 1;
			preferredProjectObjectVersion = 55;
			productRefGroup = 72AAABF32ED87F7A005194B5 /* Products */;
			projectDirPath = "";
			projectRoot = "";
			targets = (
				72AAABF12ED87F7A005194B5 /* BirdsPen */,
			);
		};
/* End PBXProject section */

/* Begin PBXResourcesBuildPhase section */
		72AAABF02ED87F7A005194B5 /* Resources */ = {
			isa = PBXResourcesBuildPhase;
			buildActionMask = 2147483647;
			files = (
				72AAAC042ED87F8E005194B5 /* Assets.xcassets in Resources */,
			);
			runOnlyForDeploymentPostprocessing = 0;
		};
/* End PBXResourcesBuildPhase section */

/* Begin PBXShellScriptBuildPhase section */
		99F1AD7B6C97BB28852F3B58 /* [CP] Check Pods Manifest.lock */ = {
			isa = PBXShellScriptBuildPhase;
			buildActionMask = 2147483647;
			files = (
			);
			inputFileListPaths = (
			);
			inputPaths = (
				"${PODS_PODFILE_DIR_PATH}/Podfile.lock",
				"${PODS_ROOT}/Manifest.lock",
			);
			name = "[CP] Check Pods Manifest.lock";
			outputFileListPaths = (
			);
			outputPaths = (
				"$(DERIVED_FILE_DIR)/Pods-BirdsPen-checkManifestLockResult.txt",
			);
			runOnlyForDeploymentPostprocessing = 0;
			shellPath = /bin/sh;
			shellScript = "diff \"${PODS_PODFILE_DIR_PATH}/Podfile.lock\" \"${PODS_ROOT}/Manifest.lock\" > /dev/null\nif [ $? != 0 ] ; then\n    # print error to STDERR\n    echo \"error: The sandbox is not in sync with the Podfile.lock. Run 'pod install' or update your CocoaPods installation.\" >&2\n    exit 1\nfi\n# This output is used by Xcode 'outputs' to avoid re-running this script phase.\necho \"SUCCESS\" > \"${SCRIPT_OUTPUT_FILE_0}\"\n";
			showEnvVarsInLog = 0;
		};
/* End PBXShellScriptBuildPhase section */

/* Begin PBXSourcesBuildPhase section */
		72AAABEE2ED87F7A005194B5 /* Sources */ = {
			isa = PBXSourcesBuildPhase;
			buildActionMask = 2147483647;
			files = (
				72AAAC052ED87F8E005194B5 /* BirdsPenApp.swift in Sources */,
				72AAAC102ED87F9F005194B5 /* View+Extensions.swift in Sources */,
				72AAAC112ED87F9F005194B5 /* ShapeStyle+Extensions.swift in Sources */,
				72AAAC122ED87F9F005194B5 /* BPLaunchView.swift in Sources */,
				72AAAC132ED87F9F005194B5 /* Color+Extensions.swift in Sources */,
				72AAAC142ED87F9F005194B5 /* BPHomeWebView.swift in Sources */,
			);
			runOnlyForDeploymentPostprocessing = 0;
		};
/* End PBXSourcesBuildPhase section */

/* Begin XCBuildConfiguration section */
		72AAABFC2ED87F7B005194B5 /* Debug */ = {
			isa = XCBuildConfiguration;
			buildSettings = {
				ALWAYS_SEARCH_USER_PATHS = NO;
				ASSETCATALOG_COMPILER_GENERATE_SWIFT_ASSET_SYMBOL_EXTENSIONS = YES;
				CLANG_ANALYZER_NONNULL = YES;
				CLANG_ANALYZER_NUMBER_OBJECT_CONVERSION = YES_AGGRESSIVE;
				CLANG_CXX_LANGUAGE_STANDARD = "gnu++20";
				CLANG_ENABLE_MODULES = YES;
				CLANG_ENABLE_OBJC_ARC = YES;
				CLANG_ENABLE_OBJC_WEAK = YES;
				CLANG_WARN_BLOCK_CAPTURE_AUTORELEASING = YES;
				CLANG_WARN_BOOL_CONVERSION = YES;
				CLANG_WARN_COMMA = YES;
				CLANG_WARN_CONSTANT_CONVERSION = YES;
				CLANG_WARN_DEPRECATED_OBJC_IMPLEMENTATIONS = YES;
				CLANG_WARN_DIRECT_OBJC_ISA_USAGE = YES_ERROR;
				CLANG_WARN_DOCUMENTATION_COMMENTS = YES;
				CLANG_WARN_EMPTY_BODY = YES;
				CLANG_WARN_ENUM_CONVERSION = YES;
				CLANG_WARN_INFINITE_RECURSION = YES;
				CLANG_WARN_INT_CONVERSION = YES;
				CLANG_WARN_NON_LITERAL_NULL_CONVERSION = YES;
				CLANG_WARN_OBJC_IMPLICIT_RETAIN_SELF = YES;
				CLANG_WARN_OBJC_LITERAL_CONVERSION = YES;
				CLANG_WARN_OBJC_ROOT_CLASS = YES_ERROR;
				CLANG_WARN_QUOTED_INCLUDE_IN_FRAMEWORK_HEADER = YES;
				CLANG_WARN_RANGE_LOOP_ANALYSIS = YES;
				CLANG_WARN_STRICT_PROTOTYPES = YES;
				CLANG_WARN_SUSPICIOUS_MOVE = YES;
				CLANG_WARN_UNGUARDED_AVAILABILITY = YES_AGGRESSIVE;
				CLANG_WARN_UNREACHABLE_CODE = YES;
				CLANG_WARN__DUPLICATE_METHOD_MATCH = YES;
				COPY_PHASE_STRIP = NO;
				DEBUG_INFORMATION_FORMAT = dwarf;
				DEVELOPMENT_TEAM = 99Y7AUQG6Y;
				ENABLE_STRICT_OBJC_MSGSEND = YES;
				ENABLE_TESTABILITY = YES;
				ENABLE_USER_SCRIPT_SANDBOXING = YES;
				GCC_C_LANGUAGE_STANDARD = gnu17;
				GCC_DYNAMIC_NO_PIC = NO;
				GCC_NO_COMMON_BLOCKS = YES;
				GCC_OPTIMIZATION_LEVEL = 0;
				GCC_PREPROCESSOR_DEFINITIONS = (
					"DEBUG=1",
					"$(inherited)",
				);
				GCC_WARN_64_TO_32_BIT_CONVERSION = YES;
				GCC_WARN_ABOUT_RETURN_TYPE = YES_ERROR;
				GCC_WARN_UNDECLARED_SELECTOR = YES;
				GCC_WARN_UNINITIALIZED_AUTOS = YES_AGGRESSIVE;
				GCC_WARN_UNUSED_FUNCTION = YES;
				GCC_WARN_UNUSED_VARIABLE = YES;
				LOCALIZATION_PREFERS_STRING_CATALOGS = YES;
				MTL_ENABLE_DEBUG_INFO = INCLUDE_SOURCE;
				MTL_FAST_MATH = YES;
				ONLY_ACTIVE_ARCH = YES;
				SWIFT_ACTIVE_COMPILATION_CONDITIONS = "DEBUG $(inherited)";
				SWIFT_OPTIMIZATION_LEVEL = "-Onone";
			};
			name = Debug;
		};
		72AAABFD2ED87F7B005194B5 /* Release */ = {
			isa = XCBuildConfiguration;
			buildSettings = {
				ALWAYS_SEARCH_USER_PATHS = NO;
				ASSETCATALOG_COMPILER_GENERATE_SWIFT_ASSET_SYMBOL_EXTENSIONS = YES;
				CLANG_ANALYZER_NONNULL = YES;
				CLANG_ANALYZER_NUMBER_OBJECT_CONVERSION = YES_AGGRESSIVE;
				CLANG_CXX_LANGUAGE_STANDARD = "gnu++20";
				CLANG_ENABLE_MODULES = YES;
				CLANG_ENABLE_OBJC_ARC = YES;
				CLANG_ENABLE_OBJC_WEAK = YES;
				CLANG_WARN_BLOCK_CAPTURE_AUTORELEASING = YES;
				CLANG_WARN_BOOL_CONVERSION = YES;
				CLANG_WARN_COMMA = YES;
				CLANG_WARN_CONSTANT_CONVERSION = YES;
				CLANG_WARN_DEPRECATED_OBJC_IMPLEMENTATIONS = YES;
				CLANG_WARN_DIRECT_OBJC_ISA_USAGE = YES_ERROR;
				CLANG_WARN_DOCUMENTATION_COMMENTS = YES;
				CLANG_WARN_EMPTY_BODY = YES;
				CLANG_WARN_ENUM_CONVERSION = YES;
				CLANG_WARN_INFINITE_RECURSION = YES;
				CLANG_WARN_INT_CONVERSION = YES;
				CLANG_WARN_NON_LITERAL_NULL_CONVERSION = YES;
				CLANG_WARN_OBJC_IMPLICIT_RETAIN_SELF = YES;
				CLANG_WARN_OBJC_LITERAL_CONVERSION = YES;
				CLANG_WARN_OBJC_ROOT_CLASS = YES_ERROR;
				CLANG_WARN_QUOTED_INCLUDE_IN_FRAMEWORK_HEADER = YES;
				CLANG_WARN_RANGE_LOOP_ANALYSIS = YES;
				CLANG_WARN_STRICT_PROTOTYPES = YES;
				CLANG_WARN_SUSPICIOUS_MOVE = YES;
				CLANG_WARN_UNGUARDED_AVAILABILITY = YES_AGGRESSIVE;
				CLANG_WARN_UNREACHABLE_CODE = YES;
				CLANG_WARN__DUPLICATE_METHOD_MATCH = YES;
				COPY_PHASE_STRIP = NO;
				DEBUG_INFORMATION_FORMAT = "dwarf-with-dsym";
				DEVELOPMENT_TEAM = 99Y7AUQG6Y;
				ENABLE_NS_ASSERTIONS = NO;
				ENABLE_STRICT_OBJC_MSGSEND = YES;
				ENABLE_USER_SCRIPT_SANDBOXING = YES;
				GCC_C_LANGUAGE_STANDARD = gnu17;
				GCC_NO_COMMON_BLOCKS = YES;
				GCC_WARN_64_TO_32_BIT_CONVERSION = YES;
				GCC_WARN_ABOUT_RETURN_TYPE = YES_ERROR;
				GCC_WARN_UNDECLARED_SELECTOR = YES;
				GCC_WARN_UNINITIALIZED_AUTOS = YES_AGGRESSIVE;
				GCC_WARN_UNUSED_FUNCTION = YES;
				GCC_WARN_UNUSED_VARIABLE = YES;
				LOCALIZATION_PREFERS_STRING_CATALOGS = YES;
				MTL_ENABLE_DEBUG_INFO = NO;
				MTL_FAST_MATH = YES;
				SWIFT_COMPILATION_MODE = wholemodule;
			};
			name = Release;
		};
		72AAABFF2ED87F7B005194B5 /* Debug */ = {
			isa = XCBuildConfiguration;
			baseConfigurationReference = A1D1D4DD5D186BECCFF317DC /* Pods-BirdsPen.debug.xcconfig */;
			buildSettings = {
				ASSETCATALOG_COMPILER_APPICON_NAME = AppIcon;
				ASSETCATALOG_COMPILER_GLOBAL_ACCENT_COLOR_NAME = AccentColor;
				CODE_SIGN_STYLE = Automatic;
				CURRENT_PROJECT_VERSION = 1;
				DEVELOPMENT_TEAM = 99Y7AUQG6Y;
				ENABLE_HARDENED_RUNTIME = YES;
				ENABLE_PREVIEWS = YES;
				GENERATE_INFOPLIST_FILE = YES;
				INFOPLIST_FILE = BirdsPen/Info.plist;
				INFOPLIST_KEY_CFBundleDisplayName = "Birds Pen";
				"INFOPLIST_KEY_UIApplicationSceneManifest_Generation[sdk=iphoneos*]" = YES;
				"INFOPLIST_KEY_UIApplicationSceneManifest_Generation[sdk=iphonesimulator*]" = YES;
				"INFOPLIST_KEY_UIApplicationSupportsIndirectInputEvents[sdk=iphoneos*]" = YES;
				"INFOPLIST_KEY_UIApplicationSupportsIndirectInputEvents[sdk=iphonesimulator*]" = YES;
				"INFOPLIST_KEY_UILaunchScreen_Generation[sdk=iphoneos*]" = YES;
				"INFOPLIST_KEY_UILaunchScreen_Generation[sdk=iphonesimulator*]" = YES;
				"INFOPLIST_KEY_UIStatusBarStyle[sdk=iphoneos*]" = UIStatusBarStyleDefault;
				"INFOPLIST_KEY_UIStatusBarStyle[sdk=iphonesimulator*]" = UIStatusBarStyleDefault;
				INFOPLIST_KEY_UISupportedInterfaceOrientations = UIInterfaceOrientationPortrait;
				INFOPLIST_KEY_UISupportedInterfaceOrientations_iPad = "UIInterfaceOrientationLandscapeLeft UIInterfaceOrientationLandscapeRight UIInterfaceOrientationPortrait UIInterfaceOrientationPortraitUpsideDown";
				IPHONEOS_DEPLOYMENT_TARGET = 15.0;
				LD_RUNPATH_SEARCH_PATHS = "@executable_path/Frameworks";
				"LD_RUNPATH_SEARCH_PATHS[sdk=macosx*]" = "@executable_path/../Frameworks";
				MACOSX_DEPLOYMENT_TARGET = 15.4;
				MARKETING_VERSION = 1.0;
				PRODUCT_BUNDLE_IDENTIFIER = com.paramonenkoproj.app;
				PRODUCT_NAME = "$(TARGET_NAME)";
				REGISTER_APP_GROUPS = YES;
				SDKROOT = auto;
				SUPPORTED_PLATFORMS = "iphoneos iphonesimulator";
				SUPPORTS_MACCATALYST = NO;
				SWIFT_EMIT_LOC_STRINGS = YES;
				SWIFT_VERSION = 5.0;
				TARGETED_DEVICE_FAMILY = 1;
				XROS_DEPLOYMENT_TARGET = 2.4;
			};
			name = Debug;
		};
		72AAAC002ED87F7B005194B5 /* Release */ = {
			isa = XCBuildConfiguration;
			baseConfigurationReference = E15B700355B83B186E40395A /* Pods-BirdsPen.release.xcconfig */;
			buildSettings = {
				ASSETCATALOG_COMPILER_APPICON_NAME = AppIcon;
				ASSETCATALOG_COMPILER_GLOBAL_ACCENT_COLOR_NAME = AccentColor;
				CODE_SIGN_STYLE = Automatic;
				CURRENT_PROJECT_VERSION = 1;
				DEVELOPMENT_TEAM = 99Y7AUQG6Y;
				ENABLE_HARDENED_RUNTIME = YES;
				ENABLE_PREVIEWS = YES;
				GENERATE_INFOPLIST_FILE = YES;
				INFOPLIST_FILE = BirdsPen/Info.plist;
				INFOPLIST_KEY_CFBundleDisplayName = "Birds Pen";
				"INFOPLIST_KEY_UIApplicationSceneManifest_Generation[sdk=iphoneos*]" = YES;
				"INFOPLIST_KEY_UIApplicationSceneManifest_Generation[sdk=iphonesimulator*]" = YES;
				"INFOPLIST_KEY_UIApplicationSupportsIndirectInputEvents[sdk=iphoneos*]" = YES;
				"INFOPLIST_KEY_UIApplicationSupportsIndirectInputEvents[sdk=iphonesimulator*]" = YES;
				"INFOPLIST_KEY_UILaunchScreen_Generation[sdk=iphoneos*]" = YES;
				"INFOPLIST_KEY_UILaunchScreen_Generation[sdk=iphonesimulator*]" = YES;
				"INFOPLIST_KEY_UIStatusBarStyle[sdk=iphoneos*]" = UIStatusBarStyleDefault;
				"INFOPLIST_KEY_UIStatusBarStyle[sdk=iphonesimulator*]" = UIStatusBarStyleDefault;
				INFOPLIST_KEY_UISupportedInterfaceOrientations = UIInterfaceOrientationPortrait;
				INFOPLIST_KEY_UISupportedInterfaceOrientations_iPad = "UIInterfaceOrientationLandscapeLeft UIInterfaceOrientationLandscapeRight UIInterfaceOrientationPortrait UIInterfaceOrientationPortraitUpsideDown";
				IPHONEOS_DEPLOYMENT_TARGET = 15.0;
				LD_RUNPATH_SEARCH_PATHS = "@executable_path/Frameworks";
				"LD_RUNPATH_SEARCH_PATHS[sdk=macosx*]" = "@executable_path/../Frameworks";
				MACOSX_DEPLOYMENT_TARGET = 15.4;
				MARKETING_VERSION = 1.0;
				PRODUCT_BUNDLE_IDENTIFIER = com.paramonenkoproj.app;
				PRODUCT_NAME = "$(TARGET_NAME)";
				REGISTER_APP_GROUPS = YES;
				SDKROOT = auto;
				SUPPORTED_PLATFORMS = "iphoneos iphonesimulator";
				SUPPORTS_MACCATALYST = NO;
				SWIFT_EMIT_LOC_STRINGS = YES;
				SWIFT_VERSION = 5.0;
				TARGETED_DEVICE_FAMILY = 1;
				XROS_DEPLOYMENT_TARGET = 2.4;
			};
			name = Release;
		};
/* End XCBuildConfiguration section */

/* Begin XCConfigurationList section */
		72AAABED2ED87F7A005194B5 /* Build configuration list for PBXProject "BirdsPen" */ = {
			isa = XCConfigurationList;
			buildConfigurations = (
				72AAABFC2ED87F7B005194B5 /* Debug */,
				72AAABFD2ED87F7B005194B5 /* Release */,
			);
			defaultConfigurationIsVisible = 0;
			defaultConfigurationName = Release;
		};
		72AAABFE2ED87F7B005194B5 /* Build configuration list for PBXNativeTarget "BirdsPen" */ = {
			isa = XCConfigurationList;
			buildConfigurations = (
				72AAABFF2ED87F7B005194B5 /* Debug */,
				72AAAC002ED87F7B005194B5 /* Release */,
			);
			defaultConfigurationIsVisible = 0;
			defaultConfigurationName = Release;
		};
/* End XCConfigurationList section */
	};
	rootObject = 72AAABEA2ED87F7A005194B5 /* Project object */;
}
